
Microsoft Visual Studio Solution File, Format Version 12.00
# Visual Studio 15
VisualStudioVersion = 15.0.28307.106
MinimumVisualStudioVersion = 10.0.40219.1
Project("{9A19103F-16F7-4668-BE54-9A1E7A4F7556}") = "App.Api", "Sources\App.Api\App.Api.csproj", "{8343A9E3-CC40-48DD-A5EE-295A393AF20E}"
EndProject
Project("{9A19103F-16F7-4668-BE54-9A1E7A4F7556}") = "App.Infrastructure.Interface", "Sources\App.Infrastructure.Interface\App.Infrastructure.Interface.csproj", "{100DDCC8-4AE4-44AD-AA23-CB18B0A4EABE}"
EndProject
Project("{9A19103F-16F7-4668-BE54-9A1E7A4F7556}") = "App.Infrastructure", "Sources\App.Infrastructure\App.Infrastructure.csproj", "{F455BA97-9ED4-4037-8867-3B04A55C7803}"
EndProject
Project("{9A19103F-16F7-4668-BE54-9A1E7A4F7556}") = "App.Dal", "Sources\App.Dal\App.Dal.csproj", "{AABC7C3E-BFDF-491F-812F-286CAA420CCA}"
EndProject
Project("{9A19103F-16F7-4668-BE54-9A1E7A4F7556}") = "App.Domain.Interface", "Sources\App.Domain.Interface\App.Domain.Interface.csproj", "{ED8B5197-2703-4D50-910E-643B747E5D97}"
EndProject
Project("{9A19103F-16F7-4668-BE54-9A1E7A4F7556}") = "App.Domain", "Sources\App.Domain\App.Domain.csproj", "{A747570F-F83E-486D-B466-5C42888D710D}"
EndProject
Project("{9A19103F-16F7-4668-BE54-9A1E7A4F7556}") = "App.Dal.Interface", "Sources\App.Dal.Interface\App.Dal.Interface.csproj", "{EFDE9F06-D77B-4BA4-9551-35E3D2BB91DE}"
EndProject
Global
	GlobalSection(SolutionConfigurationPlatforms) = preSolution
		Debug|Any CPU = Debug|Any CPU
		Release|Any CPU = Release|Any CPU
	EndGlobalSection
	GlobalSection(ProjectConfigurationPlatforms) = postSolution
		{8343A9E3-CC40-48DD-A5EE-295A393AF20E}.Debug|Any CPU.ActiveCfg = Debug|Any CPU
		{8343A9E3-CC40-48DD-A5EE-295A393AF20E}.Debug|Any CPU.Build.0 = Debug|Any CPU
		{8343A9E3-CC40-48DD-A5EE-295A393AF20E}.Release|Any CPU.ActiveCfg = Release|Any CPU
		{8343A9E3-CC40-48DD-A5EE-295A393AF20E}.Release|Any CPU.Build.0 = Release|Any CPU
		{100DDCC8-4AE4-44AD-AA23-CB18B0A4EABE}.Debug|Any CPU.ActiveCfg = Debug|Any CPU
		{100DDCC8-4AE4-44AD-AA23-CB18B0A4EABE}.Debug|Any CPU.Build.0 = Debug|Any CPU
		{100DDCC8-4AE4-44AD-AA23-CB18B0A4EABE}.Release|Any CPU.ActiveCfg = Release|Any CPU
		{100DDCC8-4AE4-44AD-AA23-CB18B0A4EABE}.Release|Any CPU.Build.0 = Release|Any CPU
		{F455BA97-9ED4-4037-8867-3B04A55C7803}.Debug|Any CPU.ActiveCfg = Debug|Any CPU
		{F455BA97-9ED4-4037-8867-3B04A55C7803}.Debug|Any CPU.Build.0 = Debug|Any CPU
		{F455BA97-9ED4-4037-8867-3B04A55C7803}.Release|Any CPU.ActiveCfg = Release|Any CPU
		{F455BA97-9ED4-4037-8867-3B04A55C7803}.Release|Any CPU.Build.0 = Release|Any CPU
		{AABC7C3E-BFDF-491F-812F-286CAA420CCA}.Debug|Any CPU.ActiveCfg = Debug|Any CPU
		{AABC7C3E-BFDF-491F-812F-286CAA420CCA}.Debug|Any CPU.Build.0 = Debug|Any CPU
		{AABC7C3E-BFDF-491F-812F-286CAA420CCA}.Release|Any CPU.ActiveCfg = Release|Any CPU
		{AABC7C3E-BFDF-491F-812F-286CAA420CCA}.Release|Any CPU.Build.0 = Release|Any CPU
		{ED8B5197-2703-4D50-910E-643B747E5D97}.Debug|Any CPU.ActiveCfg = Debug|Any CPU
		{ED8B5197-2703-4D50-910E-643B747E5D97}.Debug|Any CPU.Build.0 = Debug|Any CPU
		{ED8B5197-2703-4D50-910E-643B747E5D97}.Release|Any CPU.ActiveCfg = Release|Any CPU
		{ED8B5197-2703-4D50-910E-643B747E5D97}.Release|Any CPU.Build.0 = Release|Any CPU
		{A747570F-F83E-486D-B466-5C42888D710D}.Debug|Any CPU.ActiveCfg = Debug|Any CPU
		{A747570F-F83E-486D-B466-5C42888D710D}.Debug|Any CPU.Build.0 = Debug|Any CPU
		{A747570F-F83E-486D-B466-5C42888D710D}.Release|Any CPU.ActiveCfg = Release|Any CPU
		{A747570F-F83E-486D-B466-5C42888D710D}.Release|Any CPU.Build.0 = Release|Any CPU
		{EFDE9F06-D77B-4BA4-9551-35E3D2BB91DE}.Debug|Any CPU.ActiveCfg = Debug|Any CPU
		{EFDE9F06-D77B-4BA4-9551-35E3D2BB91DE}.Debug|Any CPU.Build.0 = Debug|Any CPU
		{EFDE9F06-D77B-4BA4-9551-35E3D2BB91DE}.Release|Any CPU.ActiveCfg = Release|Any CPU
		{EFDE9F06-D77B-4BA4-9551-35E3D2BB91DE}.Release|Any CPU.Build.0 = Release|Any CPU
	EndGlobalSection
	GlobalSection(SolutionProperties) = preSolution
		HideSolutionNode = FALSE
	EndGlobalSection
	GlobalSection(ExtensibilityGlobals) = postSolution
		SolutionGuid = {8349BD0B-ED78-45F5-82D7-68A562B71D92}
	EndGlobalSection
EndGlobal
